// !$*UTF8*$!
{
	archiveVersion = 1;
	classes = {
	};
	objectVersion = 46;
	objects = {

/* Begin PBXBuildFile section */
		B3D29EC11A0926F200F243E1 /* AppDelegate.swift in Sources */ = {isa = PBXBuildFile; fileRef = B3D29EC01A0926F200F243E1 /* AppDelegate.swift */; };
		B3D29EC31A0926F200F243E1 /* ViewController.swift in Sources */ = {isa = PBXBuildFile; fileRef = B3D29EC21A0926F200F243E1 /* ViewController.swift */; };
		B3D29EC61A0926F200F243E1 /* Main.storyboard in Resources */ = {isa = PBXBuildFile; fileRef = B3D29EC41A0926F200F243E1 /* Main.storyboard */; };
		B3D29EC81A0926F200F243E1 /* Images.xcassets in Resources */ = {isa = PBXBuildFile; fileRef = B3D29EC71A0926F200F243E1 /* Images.xcassets */; };
		B3D29ECB1A0926F200F243E1 /* LaunchScreen.xib in Resources */ = {isa = PBXBuildFile; fileRef = B3D29EC91A0926F200F243E1 /* LaunchScreen.xib */; };
		B3D29ED71A0926F300F243E1 /* Coding_Challenges_SwiftTests.swift in Sources */ = {isa = PBXBuildFile; fileRef = B3D29ED61A0926F300F243E1 /* Coding_Challenges_SwiftTests.swift */; };
/* End PBXBuildFile section */

/* Begin PBXContainerItemProxy section */
		B3D29ED11A0926F300F243E1 /* PBXContainerItemProxy */ = {
			isa = PBXContainerItemProxy;
			containerPortal = B3D29EB31A0926F200F243E1 /* Project object */;
			proxyType = 1;
			remoteGlobalIDString = B3D29EBA1A0926F200F243E1;
			remoteInfo = "Coding-Challenges_Swift";
		};
/* End PBXContainerItemProxy section */

/* Begin PBXFileReference section */
		B3D29EBB1A0926F200F243E1 /* Coding-Challenges_Swift.app */ = {isa = PBXFileReference; explicitFileType = wrapper.application; includeInIndex = 0; path = "Coding-Challenges_Swift.app"; sourceTree = BUILT_PRODUCTS_DIR; };
		B3D29EBF1A0926F200F243E1 /* Info.plist */ = {isa = PBXFileReference; lastKnownFileType = text.plist.xml; path = Info.plist; sourceTree = "<group>"; };
		B3D29EC01A0926F200F243E1 /* AppDelegate.swift */ = {isa = PBXFileReference; lastKnownFileType = sourcecode.swift; path = AppDelegate.swift; sourceTree = "<group>"; };
		B3D29EC21A0926F200F243E1 /* ViewController.swift */ = {isa = PBXFileReference; lastKnownFileType = sourcecode.swift; path = ViewController.swift; sourceTree = "<group>"; };
		B3D29EC51A0926F200F243E1 /* Base */ = {isa = PBXFileReference; lastKnownFileType = file.storyboard; name = Base; path = Base.lproj/Main.storyboard; sourceTree = "<group>"; };
		B3D29EC71A0926F200F243E1 /* Images.xcassets */ = {isa = PBXFileReference; lastKnownFileType = folder.assetcatalog; path = Images.xcassets; sourceTree = "<group>"; };
		B3D29ECA1A0926F200F243E1 /* Base */ = {isa = PBXFileReference; lastKnownFileType = file.xib; name = Base; path = Base.lproj/LaunchScreen.xib; sourceTree = "<group>"; };
		B3D29ED01A0926F300F243E1 /* Coding-Challenges_SwiftTests.xctest */ = {isa = PBXFileReference; explicitFileType = wrapper.cfbundle; includeInIndex = 0; path = "Coding-Challenges_SwiftTests.xctest"; sourceTree = BUILT_PRODUCTS_DIR; };
		B3D29ED51A0926F300F243E1 /* Info.plist */ = {isa = PBXFileReference; lastKnownFileType = text.plist.xml; path = Info.plist; sourceTree = "<group>"; };
		B3D29ED61A0926F300F243E1 /* Coding_Challenges_SwiftTests.swift */ = {isa = PBXFileReference; lastKnownFileType = sourcecode.swift; path = Coding_Challenges_SwiftTests.swift; sourceTree = "<group>"; };
/* End PBXFileReference section */

/* Begin PBXFrameworksBuildPhase section */
		B3D29EB81A0926F200F243E1 /* Frameworks */ = {
			isa = PBXFrameworksBuildPhase;
			buildActionMask = 2147483647;
			files = (
			);
			runOnlyForDeploymentPostprocessing = 0;
		};
		B3D29ECD1A0926F300F243E1 /* Frameworks */ = {
			isa = PBXFrameworksBuildPhase;
			buildActionMask = 2147483647;
			files = (
			);
			runOnlyForDeploymentPostprocessing = 0;
		};
/* End PBXFrameworksBuildPhase section */

/* Begin PBXGroup section */
		B3D29EB21A0926F200F243E1 = {
			isa = PBXGroup;
			children = (
				B3D29EBD1A0926F200F243E1 /* Coding-Challenges_Swift */,
				B3D29ED31A0926F300F243E1 /* Coding-Challenges_SwiftTests */,
				B3D29EBC1A0926F200F243E1 /* Products */,
			);
			sourceTree = "<group>";
		};
		B3D29EBC1A0926F200F243E1 /* Products */ = {
			isa = PBXGroup;
			children = (
				B3D29EBB1A0926F200F243E1 /* Coding-Challenges_Swift.app */,
				B3D29ED01A0926F300F243E1 /* Coding-Challenges_SwiftTests.xctest */,
			);
			name = Products;
			sourceTree = "<group>";
		};
		B3D29EBD1A0926F200F243E1 /* Coding-Challenges_Swift */ = {
			isa = PBXGroup;
			children = (
				B3D29EC01A0926F200F243E1 /* AppDelegate.swift */,
				B3D29EC21A0926F200F243E1 /* ViewController.swift */,
				B3D29EC41A0926F200F243E1 /* Main.storyboard */,
				B3D29EC71A0926F200F243E1 /* Images.xcassets */,
				B3D29EC91A0926F200F243E1 /* LaunchScreen.xib */,
				B3D29EBE1A0926F200F243E1 /* Supporting Files */,
			);
			path = "Coding-Challenges_Swift";
			sourceTree = "<group>";
		};
		B3D29EBE1A0926F200F243E1 /* Supporting Files */ = {
			isa = PBXGroup;
			children = (
				B3D29EBF1A0926F200F243E1 /* Info.plist */,
			);
			name = "Supporting Files";
			sourceTree = "<group>";
		};
		B3D29ED31A0926F300F243E1 /* Coding-Challenges_SwiftTests */ = {
			isa = PBXGroup;
			children = (
				B3D29ED61A0926F300F243E1 /* Coding_Challenges_SwiftTests.swift */,
				B3D29ED41A0926F300F243E1 /* Supporting Files */,
			);
			path = "Coding-Challenges_SwiftTests";
			sourceTree = "<group>";
		};
		B3D29ED41A0926F300F243E1 /* Supporting Files */ = {
			isa = PBXGroup;
			children = (
				B3D29ED51A0926F300F243E1 /* Info.plist */,
			);
			name = "Supporting Files";
			sourceTree = "<group>";
		};
/* End PBXGroup section */

/* Begin PBXNativeTarget section */
		B3D29EBA1A0926F200F243E1 /* Coding-Challenges_Swift */ = {
			isa = PBXNativeTarget;
			buildConfigurationList = B3D29EDA1A0926F300F243E1 /* Build configuration list for PBXNativeTarget "Coding-Challenges_Swift" */;
			buildPhases = (
				B3D29EB71A0926F200F243E1 /* Sources */,
				B3D29EB81A0926F200F243E1 /* Frameworks */,
				B3D29EB91A0926F200F243E1 /* Resources */,
			);
			buildRules = (
			);
			dependencies = (
			);
			name = "Coding-Challenges_Swift";
			productName = "Coding-Challenges_Swift";
			productReference = B3D29EBB1A0926F200F243E1 /* Coding-Challenges_Swift.app */;
			productType = "com.apple.product-type.application";
		};
		B3D29ECF1A0926F300F243E1 /* Coding-Challenges_SwiftTests */ = {
			isa = PBXNativeTarget;
			buildConfigurationList = B3D29EDD1A0926F300F243E1 /* Build configuration list for PBXNativeTarget "Coding-Challenges_SwiftTests" */;
			buildPhases = (
				B3D29ECC1A0926F300F243E1 /* Sources */,
				B3D29ECD1A0926F300F243E1 /* Frameworks */,
				B3D29ECE1A0926F300F243E1 /* Resources */,
			);
			buildRules = (
			);
			dependencies = (
				B3D29ED21A0926F300F243E1 /* PBXTargetDependency */,
			);
			name = "Coding-Challenges_SwiftTests";
			productName = "Coding-Challenges_SwiftTests";
			productReference = B3D29ED01A0926F300F243E1 /* Coding-Challenges_SwiftTests.xctest */;
			productType = "com.apple.product-type.bundle.unit-test";
		};
/* End PBXNativeTarget section */

/* Begin PBXProject section */
		B3D29EB31A0926F200F243E1 /* Project object */ = {
			isa = PBXProject;
			attributes = {
				LastUpgradeCheck = 0600;
				ORGANIZATIONNAME = "Connor Knabe";
				TargetAttributes = {
					B3D29EBA1A0926F200F243E1 = {
						CreatedOnToolsVersion = 6.0.1;
					};
					B3D29ECF1A0926F300F243E1 = {
						CreatedOnToolsVersion = 6.0.1;
						TestTargetID = B3D29EBA1A0926F200F243E1;
					};
				};
			};
			buildConfigurationList = B3D29EB61A0926F200F243E1 /* Build configuration list for PBXProject "Coding-Challenges_Swift" */;
			compatibilityVersion = "Xcode 3.2";
			developmentRegion = English;
			hasScannedForEncodings = 0;
			knownRegions = (
				en,
				Base,
			);
			mainGroup = B3D29EB21A0926F200F243E1;
			productRefGroup = B3D29EBC1A0926F200F243E1 /* Products */;
			projectDirPath = "";
			projectRoot = "";
			targets = (
				B3D29EBA1A0926F200F243E1 /* Coding-Challenges_Swift */,
				B3D29ECF1A0926F300F243E1 /* Coding-Challenges_SwiftTests */,
			);
		};
/* End PBXProject section */

/* Begin PBXResourcesBuildPhase section */
		B3D29EB91A0926F200F243E1 /* Resources */ = {
			isa = PBXResourcesBuildPhase;
			buildActionMask = 2147483647;
			files = (
				B3D29EC61A0926F200F243E1 /* Main.storyboard in Resources */,
				B3D29ECB1A0926F200F243E1 /* LaunchScreen.xib in Resources */,
				B3D29EC81A0926F200F243E1 /* Images.xcassets in Resources */,
			);
			runOnlyForDeploymentPostprocessing = 0;
		};
		B3D29ECE1A0926F300F243E1 /* Resources */ = {
			isa = PBXResourcesBuildPhase;
			buildActionMask = 2147483647;
			files = (
			);
			runOnlyForDeploymentPostprocessing = 0;
		};
/* End PBXResourcesBuildPhase section */

/* Begin PBXSourcesBuildPhase section */
		B3D29EB71A0926F200F243E1 /* Sources */ = {
			isa = PBXSourcesBuildPhase;
			buildActionMask = 2147483647;
			files = (
				B3D29EC31A0926F200F243E1 /* ViewController.swift in Sources */,
				B3D29EC11A0926F200F243E1 /* AppDelegate.swift in Sources */,
			);
			runOnlyForDeploymentPostprocessing = 0;
		};
		B3D29ECC1A0926F300F243E1 /* Sources */ = {
			isa = PBXSourcesBuildPhase;
			buildActionMask = 2147483647;
			files = (
				B3D29ED71A0926F300F243E1 /* Coding_Challenges_SwiftTests.swift in Sources */,
			);
			runOnlyForDeploymentPostprocessing = 0;
		};
/* End PBXSourcesBuildPhase section */

/* Begin PBXTargetDependency section */
		B3D29ED21A0926F300F243E1 /* PBXTargetDependency */ = {
			isa = PBXTargetDependency;
			target = B3D29EBA1A0926F200F243E1 /* Coding-Challenges_Swift */;
			targetProxy = B3D29ED11A0926F300F243E1 /* PBXContainerItemProxy */;
		};
/* End PBXTargetDependency section */

/* Begin PBXVariantGroup section */
		B3D29EC41A0926F200F243E1 /* Main.storyboard */ = {
			isa = PBXVariantGroup;
			children = (
				B3D29EC51A0926F200F243E1 /* Base */,
			);
			name = Main.storyboard;
			sourceTree = "<group>";
		};
		B3D29EC91A0926F200F243E1 /* LaunchScreen.xib */ = {
			isa = PBXVariantGroup;
			children = (
				B3D29ECA1A0926F200F243E1 /* Base */,
			);
			name = LaunchScreen.xib;
			sourceTree = "<group>";
		};
/* End PBXVariantGroup section */

/* Begin XCBuildConfiguration section */
		B3D29ED81A0926F300F243E1 /* Debug */ = {
			isa = XCBuildConfiguration;
			buildSettings = {
				ALWAYS_SEARCH_USER_PATHS = NO;
				CLANG_CXX_LANGUAGE_STANDARD = "gnu++0x";
				CLANG_CXX_LIBRARY = "libc++";
				CLANG_ENABLE_MODULES = YES;
				CLANG_ENABLE_OBJC_ARC = YES;
				CLANG_WARN_BOOL_CONVERSION = YES;
				CLANG_WARN_CONSTANT_CONVERSION = YES;
				CLANG_WARN_DIRECT_OBJC_ISA_USAGE = YES_ERROR;
				CLANG_WARN_EMPTY_BODY = YES;
				CLANG_WARN_ENUM_CONVERSION = YES;
				CLANG_WARN_INT_CONVERSION = YES;
				CLANG_WARN_OBJC_ROOT_CLASS = YES_ERROR;
				CLANG_WARN_UNREACHABLE_CODE = YES;
				CLANG_WARN__DUPLICATE_METHOD_MATCH = YES;
				"CODE_SIGN_IDENTITY[sdk=iphoneos*]" = "iPhone Developer";
				COPY_PHASE_STRIP = NO;
				ENABLE_STRICT_OBJC_MSGSEND = YES;
				GCC_C_LANGUAGE_STANDARD = gnu99;
				GCC_DYNAMIC_NO_PIC = NO;
				GCC_OPTIMIZATION_LEVEL = 0;
				GCC_PREPROCESSOR_DEFINITIONS = (
					"DEBUG=1",
					"$(inherited)",
				);
				GCC_SYMBOLS_PRIVATE_EXTERN = NO;
				GCC_WARN_64_TO_32_BIT_CONVERSION = YES;
				GCC_WARN_ABOUT_RETURN_TYPE = YES_ERROR;
				GCC_WARN_UNDECLARED_SELECTOR = YES;
				GCC_WARN_UNINITIALIZED_AUTOS = YES_AGGRESSIVE;
				GCC_WARN_UNUSED_FUNCTION = YES;
				GCC_WARN_UNUSED_VARIABLE = YES;
				IPHONEOS_DEPLOYMENT_TARGET = 8.0;
				MTL_ENABLE_DEBUG_INFO = YES;
				ONLY_ACTIVE_ARCH = YES;
				SDKROOT = iphoneos;
				SWIFT_OPTIMIZATION_LEVEL = "-Onone";
				TARGETED_DEVICE_FAMILY = "1,2";
			};
			name = Debug;
		};
		B3D29ED91A0926F300F243E1 /* Release */ = {
			isa = XCBuildConfiguration;
			buildSettings = {
				ALWAYS_SEARCH_USER_PATHS = NO;
				CLANG_CXX_LANGUAGE_STANDARD = "gnu++0x";
				CLANG_CXX_LIBRARY = "libc++";
				CLANG_ENABLE_MODULES = YES;
				CLANG_ENABLE_OBJC_ARC = YES;
				CLANG_WARN_BOOL_CONVERSION = YES;
				CLANG_WARN_CONSTANT_CONVERSION = YES;
				CLANG_WARN_DIRECT_OBJC_ISA_USAGE = YES_ERROR;
				CLANG_WARN_EMPTY_BODY = YES;
				CLANG_WARN_ENUM_CONVERSION = YES;
				CLANG_WARN_INT_CONVERSION = YES;
				CLANG_WARN_OBJC_ROOT_CLASS = YES_ERROR;
				CLANG_WARN_UNREACHABLE_CODE = YES;
				CLANG_WARN__DUPLICATE_METHOD_MATCH = YES;
				"CODE_SIGN_IDENTITY[sdk=iphoneos*]" = "iPhone Developer";
				COPY_PHASE_STRIP = YES;
				ENABLE_NS_ASSERTIONS = NO;
				ENABLE_STRICT_OBJC_MSGSEND = YES;
				GCC_C_LANGUAGE_STANDARD = gnu99;
				GCC_WARN_64_TO_32_BIT_CONVERSION = YES;
				GCC_WARN_ABOUT_RETURN_TYPE = YES_ERROR;
				GCC_WARN_UNDECLARED_SELECTOR = YES;
				GCC_WARN_UNINITIALIZED_AUTOS = YES_AGGRESSIVE;
				GCC_WARN_UNUSED_FUNCTION = YES;
				GCC_WARN_UNUSED_VARIABLE = YES;
				IPHONEOS_DEPLOYMENT_TARGET = 8.0;
				MTL_ENABLE_DEBUG_INFO = NO;
				SDKROOT = iphoneos;
				TARGETED_DEVICE_FAMILY = "1,2";
				VALIDATE_PRODUCT = YES;
			};
			name = Release;
		};
		B3D29EDB1A0926F300F243E1 /* Debug */ = {
			isa = XCBuildConfiguration;
			buildSettings = {
				ASSETCATALOG_COMPILER_APPICON_NAME = AppIcon;
				INFOPLIST_FILE = "Coding-Challenges_Swift/Info.plist";
				LD_RUNPATH_SEARCH_PATHS = "$(inherited) @executable_path/Frameworks";
				PRODUCT_NAME = "$(TARGET_NAME)";
			};
			name = Debug;
		};
		B3D29EDC1A0926F300F243E1 /* Release */ = {
			isa = XCBuildConfiguration;
			buildSettings = {
				ASSETCATALOG_COMPILER_APPICON_NAME = AppIcon;
				INFOPLIST_FILE = "Coding-Challenges_Swift/Info.plist";
				LD_RUNPATH_SEARCH_PATHS = "$(inherited) @executable_path/Frameworks";
				PRODUCT_NAME = "$(TARGET_NAME)";
			};
			name = Release;
		};
		B3D29EDE1A0926F300F243E1 /* Debug */ = {
			isa = XCBuildConfiguration;
			buildSettings = {
				BUNDLE_LOADER = "$(TEST_HOST)";
				FRAMEWORK_SEARCH_PATHS = (
					"$(SDKROOT)/Developer/Library/Frameworks",
					"$(inherited)",
				);
				GCC_PREPROCESSOR_DEFINITIONS = (
					"DEBUG=1",
					"$(inherited)",
				);
				INFOPLIST_FILE = "Coding-Challenges_SwiftTests/Info.plist";
				LD_RUNPATH_SEARCH_PATHS = "$(inherited) @executable_path/Frameworks @loader_path/Frameworks";
				PRODUCT_NAME = "$(TARGET_NAME)";
				TEST_HOST = "$(BUILT_PRODUCTS_DIR)/Coding-Challenges_Swift.app/Coding-Challenges_Swift";
			};
			name = Debug;
		};
		B3D29EDF1A0926F300F243E1 /* Release */ = {
			isa = XCBuildConfiguration;
			buildSettings = {
				BUNDLE_LOADER = "$(TEST_HOST)";
				FRAMEWORK_SEARCH_PATHS = (
					"$(SDKROOT)/Developer/Library/Frameworks",
					"$(inherited)",
				);
				INFOPLIST_FILE = "Coding-Challenges_SwiftTests/Info.plist";
				LD_RUNPATH_SEARCH_PATHS = "$(inherited) @executable_path/Frameworks @loader_path/Frameworks";
				PRODUCT_NAME = "$(TARGET_NAME)";
				TEST_HOST = "$(BUILT_PRODUCTS_DIR)/Coding-Challenges_Swift.app/Coding-Challenges_Swift";
			};
			name = Release;
		};
/* End XCBuildConfiguration section */

/* Begin XCConfigurationList section */
		B3D29EB61A0926F200F243E1 /* Build configuration list for PBXProject "Coding-Challenges_Swift" */ = {
			isa = XCConfigurationList;
			buildConfigurations = (
				B3D29ED81A0926F300F243E1 /* Debug */,
				B3D29ED91A0926F300F243E1 /* Release */,
			);
			defaultConfigurationIsVisible = 0;
			defaultConfigurationName = Release;
		};
		B3D29EDA1A0926F300F243E1 /* Build configuration list for PBXNativeTarget "Coding-Challenges_Swift" */ = {
			isa = XCConfigurationList;
			buildConfigurations = (
				B3D29EDB1A0926F300F243E1 /* Debug */,
				B3D29EDC1A0926F300F243E1 /* Release */,
			);
			defaultConfigurationIsVisible = 0;
		};
		B3D29EDD1A0926F300F243E1 /* Build configuration list for PBXNativeTarget "Coding-Challenges_SwiftTests" */ = {
			isa = XCConfigurationList;
			buildConfigurations = (
				B3D29EDE1A0926F300F243E1 /* Debug */,
				B3D29EDF1A0926F300F243E1 /* Release */,
			);
			defaultConfigurationIsVisible = 0;
		};
/* End XCConfigurationList section */
	};
	rootObject = B3D29EB31A0926F200F243E1 /* Project object */;
}
